#
# This file is autogenerated by pip-compile with Python 3.12
# by the following command:
#
#    pip-compile --allow-unsafe --output-file=requirements.lock --strip-extras requirements.txt
#
certifi==2026.2.25
    # via requests
charset-normalizer==3.4.7
    # via requests
click==8.1.0
    # via -r requirements.txt
idna==3.11
    # via requests
pyyaml==6.0.3
    # via -r requirements.txt
requests==2.31.0
    # via -r requirements.txt
urllib3==2.6.3
    # via requests
